// !$*UTF8*$!
{
	archiveVersion = 1;
	classes = {
	};
	objectVersion = 56;
	objects = {

/* Begin PBXBuildFile section */
		586B16FC2A3A02D2004BF51C /* movies_metadata4.csv in Resources */ = {isa = PBXBuildFile; fileRef = 586B16FB2A3A02D2004BF51C /* movies_metadata4.csv */; };
		586B16FE2A3A0910004BF51C /* movies_metadata3.csv in Resources */ = {isa = PBXBuildFile; fileRef = 586B16FD2A3A0910004BF51C /* movies_metadata3.csv */; };
		5873FB6A2A2D05A200E1E637 /* AppDelegate.swift in Sources */ = {isa = PBXBuildFile; fileRef = 5873FB692A2D05A200E1E637 /* AppDelegate.swift */; };
		5873FB6C2A2D05A200E1E637 /* SceneDelegate.swift in Sources */ = {isa = PBXBuildFile; fileRef = 5873FB6B2A2D05A200E1E637 /* SceneDelegate.swift */; };
		5873FB6E2A2D05A200E1E637 /* ViewController.swift in Sources */ = {isa = PBXBuildFile; fileRef = 5873FB6D2A2D05A200E1E637 /* ViewController.swift */; };
		5873FB712A2D05A200E1E637 /* Main.storyboard in Resources */ = {isa = PBXBuildFile; fileRef = 5873FB6F2A2D05A200E1E637 /* Main.storyboard */; };
		5873FB732A2D05A300E1E637 /* Assets.xcassets in Resources */ = {isa = PBXBuildFile; fileRef = 5873FB722A2D05A300E1E637 /* Assets.xcassets */; };
		5873FB762A2D05A300E1E637 /* LaunchScreen.storyboard in Resources */ = {isa = PBXBuildFile; fileRef = 5873FB742A2D05A300E1E637 /* LaunchScreen.storyboard */; };
		58914DF82A31B67F007965F1 /* CSVTableViewCell.swift in Sources */ = {isa = PBXBuildFile; fileRef = 58914DF72A31B67F007965F1 /* CSVTableViewCell.swift */; };
		58914E002A31D2C1007965F1 /* movies_metadata.csv in Resources */ = {isa = PBXBuildFile; fileRef = 58914DFF2A31D2C1007965F1 /* movies_metadata.csv */; };
		58914E022A31E5E2007965F1 /* poster_sample.jpg in Resources */ = {isa = PBXBuildFile; fileRef = 58914E012A31E5E2007965F1 /* poster_sample.jpg */; };
		589B40AE2A381076006DB5E1 /* star_full.png in Resources */ = {isa = PBXBuildFile; fileRef = 589B40AD2A381076006DB5E1 /* star_full.png */; };
		589B40B02A381081006DB5E1 /* star_half.png in Resources */ = {isa = PBXBuildFile; fileRef = 589B40AF2A381081006DB5E1 /* star_half.png */; };
		589B40B22A381092006DB5E1 /* star_empty.png in Resources */ = {isa = PBXBuildFile; fileRef = 589B40B12A381092006DB5E1 /* star_empty.png */; };
		589B40B82A3820CE006DB5E1 /* DetailViewController.swift in Sources */ = {isa = PBXBuildFile; fileRef = 589B40B72A3820CE006DB5E1 /* DetailViewController.swift */; };
		589B40BA2A384688006DB5E1 /* starData.csv in Resources */ = {isa = PBXBuildFile; fileRef = 589B40B92A384688006DB5E1 /* starData.csv */; };
		58AC51BA2A34CE1200768E53 /* movies_metadata2.csv in Resources */ = {isa = PBXBuildFile; fileRef = 58AC51B92A34CE1200768E53 /* movies_metadata2.csv */; };
		58AC51BC2A34D03700768E53 /* CSVTableViewController.swift in Sources */ = {isa = PBXBuildFile; fileRef = 58AC51BB2A34D03700768E53 /* CSVTableViewController.swift */; };
		58AC51BE2A35020500768E53 /* SearchViewController.swift in Sources */ = {isa = PBXBuildFile; fileRef = 58AC51BD2A35020500768E53 /* SearchViewController.swift */; };
		58AC51C92A350E5600768E53 /* SearchTableViewCell.swift in Sources */ = {isa = PBXBuildFile; fileRef = 58AC51C82A350E5600768E53 /* SearchTableViewCell.swift */; };
		9507B56D4B25F55EE031EC6A /* Pods_FinalProject.framework in Frameworks */ = {isa = PBXBuildFile; fileRef = 2F9BDD3C822D4810B932F6EA /* Pods_FinalProject.framework */; };
/* End PBXBuildFile section */

/* Begin PBXFileReference section */
		2F9BDD3C822D4810B932F6EA /* Pods_FinalProject.framework */ = {isa = PBXFileReference; explicitFileType = wrapper.framework; includeInIndex = 0; path = Pods_FinalProject.framework; sourceTree = BUILT_PRODUCTS_DIR; };
		586B16FB2A3A02D2004BF51C /* movies_metadata4.csv */ = {isa = PBXFileReference; fileEncoding = 4; lastKnownFileType = text; path = movies_metadata4.csv; sourceTree = "<group>"; };
		586B16FD2A3A0910004BF51C /* movies_metadata3.csv */ = {isa = PBXFileReference; fileEncoding = 4; lastKnownFileType = text; path = movies_metadata3.csv; sourceTree = "<group>"; };
		5873FB662A2D05A200E1E637 /* FinalProject.app */ = {isa = PBXFileReference; explicitFileType = wrapper.application; includeInIndex = 0; path = FinalProject.app; sourceTree = BUILT_PRODUCTS_DIR; };
		5873FB692A2D05A200E1E637 /* AppDelegate.swift */ = {isa = PBXFileReference; lastKnownFileType = sourcecode.swift; path = AppDelegate.swift; sourceTree = "<group>"; };
		5873FB6B2A2D05A200E1E637 /* SceneDelegate.swift */ = {isa = PBXFileReference; lastKnownFileType = sourcecode.swift; path = SceneDelegate.swift; sourceTree = "<group>"; };
		5873FB6D2A2D05A200E1E637 /* ViewController.swift */ = {isa = PBXFileReference; lastKnownFileType = sourcecode.swift; path = ViewController.swift; sourceTree = "<group>"; };
		5873FB702A2D05A200E1E637 /* Base */ = {isa = PBXFileReference; lastKnownFileType = file.storyboard; name = Base; path = Base.lproj/Main.storyboard; sourceTree = "<group>"; };
		5873FB722A2D05A300E1E637 /* Assets.xcassets */ = {isa = PBXFileReference; lastKnownFileType = folder.assetcatalog; path = Assets.xcassets; sourceTree = "<group>"; };
		5873FB752A2D05A300E1E637 /* Base */ = {isa = PBXFileReference; lastKnownFileType = file.storyboard; name = Base; path = Base.lproj/LaunchScreen.storyboard; sourceTree = "<group>"; };
		5873FB772A2D05A300E1E637 /* Info.plist */ = {isa = PBXFileReference; lastKnownFileType = text.plist.xml; path = Info.plist; sourceTree = "<group>"; };
		58914DF72A31B67F007965F1 /* CSVTableViewCell.swift */ = {isa = PBXFileReference; lastKnownFileType = sourcecode.swift; path = CSVTableViewCell.swift; sourceTree = "<group>"; };
		58914DFF2A31D2C1007965F1 /* movies_metadata.csv */ = {isa = PBXFileReference; fileEncoding = 4; lastKnownFileType = text; name = movies_metadata.csv; path = ../../../Downloads/movies_metadata.csv; sourceTree = "<group>"; };
		58914E012A31E5E2007965F1 /* poster_sample.jpg */ = {isa = PBXFileReference; lastKnownFileType = image.jpeg; name = poster_sample.jpg; path = ../../../Downloads/poster_sample.jpg; sourceTree = "<group>"; };
		589B40AD2A381076006DB5E1 /* star_full.png */ = {isa = PBXFileReference; lastKnownFileType = image.png; path = star_full.png; sourceTree = "<group>"; };
		589B40AF2A381081006DB5E1 /* star_half.png */ = {isa = PBXFileReference; lastKnownFileType = image.png; path = star_half.png; sourceTree = "<group>"; };
		589B40B12A381092006DB5E1 /* star_empty.png */ = {isa = PBXFileReference; lastKnownFileType = image.png; path = star_empty.png; sourceTree = "<group>"; };
		589B40B72A3820CE006DB5E1 /* DetailViewController.swift */ = {isa = PBXFileReference; lastKnownFileType = sourcecode.swift; path = DetailViewController.swift; sourceTree = "<group>"; };
		589B40B92A384688006DB5E1 /* starData.csv */ = {isa = PBXFileReference; fileEncoding = 4; lastKnownFileType = text; path = starData.csv; sourceTree = "<group>"; };
		58AC51B92A34CE1200768E53 /* movies_metadata2.csv */ = {isa = PBXFileReference; fileEncoding = 4; lastKnownFileType = text; path = movies_metadata2.csv; sourceTree = "<group>"; };
		58AC51BB2A34D03700768E53 /* CSVTableViewController.swift */ = {isa = PBXFileReference; lastKnownFileType = sourcecode.swift; path = CSVTableViewController.swift; sourceTree = "<group>"; };
		58AC51BD2A35020500768E53 /* SearchViewController.swift */ = {isa = PBXFileReference; lastKnownFileType = sourcecode.swift; path = SearchViewController.swift; sourceTree = "<group>"; };
		58AC51C82A350E5600768E53 /* SearchTableViewCell.swift */ = {isa = PBXFileReference; lastKnownFileType = sourcecode.swift; path = SearchTableViewCell.swift; sourceTree = "<group>"; };
		687336E1412F8786B3F87AE0 /* Pods-FinalProject.release.xcconfig */ = {isa = PBXFileReference; includeInIndex = 1; lastKnownFileType = text.xcconfig; name = "Pods-FinalProject.release.xcconfig"; path = "Target Support Files/Pods-FinalProject/Pods-FinalProject.release.xcconfig"; sourceTree = "<group>"; };
		8F9B106952CFAEE91615AA94 /* Pods-FinalProject.debug.xcconfig */ = {isa = PBXFileReference; includeInIndex = 1; lastKnownFileType = text.xcconfig; name = "Pods-FinalProject.debug.xcconfig"; path = "Target Support Files/Pods-FinalProject/Pods-FinalProject.debug.xcconfig"; sourceTree = "<group>"; };
/* End PBXFileReference section */

/* Begin PBXFrameworksBuildPhase section */
		5873FB632A2D05A200E1E637 /* Frameworks */ = {
			isa = PBXFrameworksBuildPhase;
			buildActionMask = 2147483647;
			files = (
				9507B56D4B25F55EE031EC6A /* Pods_FinalProject.framework in Frameworks */,
			);
			runOnlyForDeploymentPostprocessing = 0;
		};
/* End PBXFrameworksBuildPhase section */

/* Begin PBXGroup section */
		06E118D8922605E7E8E88B88 /* Pods */ = {
			isa = PBXGroup;
			children = (
				8F9B106952CFAEE91615AA94 /* Pods-FinalProject.debug.xcconfig */,
				687336E1412F8786B3F87AE0 /* Pods-FinalProject.release.xcconfig */,
			);
			name = Pods;
			path = Pods;
			sourceTree = "<group>";
		};
		525E11825181999648B1AF84 /* Frameworks */ = {
			isa = PBXGroup;
			children = (
				2F9BDD3C822D4810B932F6EA /* Pods_FinalProject.framework */,
			);
			name = Frameworks;
			sourceTree = "<group>";
		};
		5873FB5D2A2D05A200E1E637 = {
			isa = PBXGroup;
			children = (
				5873FB682A2D05A200E1E637 /* FinalProject */,
				5873FB672A2D05A200E1E637 /* Products */,
				06E118D8922605E7E8E88B88 /* Pods */,
				525E11825181999648B1AF84 /* Frameworks */,
			);
			sourceTree = "<group>";
		};
		5873FB672A2D05A200E1E637 /* Products */ = {
			isa = PBXGroup;
			children = (
				5873FB662A2D05A200E1E637 /* FinalProject.app */,
			);
			name = Products;
			sourceTree = "<group>";
		};
		5873FB682A2D05A200E1E637 /* FinalProject */ = {
			isa = PBXGroup;
			children = (
				5873FB692A2D05A200E1E637 /* AppDelegate.swift */,
				5873FB6B2A2D05A200E1E637 /* SceneDelegate.swift */,
				5873FB6D2A2D05A200E1E637 /* ViewController.swift */,
				58AC51BD2A35020500768E53 /* SearchViewController.swift */,
				58AC51C82A350E5600768E53 /* SearchTableViewCell.swift */,
				589B40B72A3820CE006DB5E1 /* DetailViewController.swift */,
				5873FB6F2A2D05A200E1E637 /* Main.storyboard */,
				5873FB722A2D05A300E1E637 /* Assets.xcassets */,
				5873FB742A2D05A300E1E637 /* LaunchScreen.storyboard */,
				5873FB772A2D05A300E1E637 /* Info.plist */,
				58914DFF2A31D2C1007965F1 /* movies_metadata.csv */,
				58AC51B92A34CE1200768E53 /* movies_metadata2.csv */,
				586B16FD2A3A0910004BF51C /* movies_metadata3.csv */,
				586B16FB2A3A02D2004BF51C /* movies_metadata4.csv */,
				589B40B92A384688006DB5E1 /* starData.csv */,
				58914E012A31E5E2007965F1 /* poster_sample.jpg */,
				589B40AD2A381076006DB5E1 /* star_full.png */,
				589B40AF2A381081006DB5E1 /* star_half.png */,
				589B40B12A381092006DB5E1 /* star_empty.png */,
				58914DF72A31B67F007965F1 /* CSVTableViewCell.swift */,
				58AC51BB2A34D03700768E53 /* CSVTableViewController.swift */,
			);
			path = FinalProject;
			sourceTree = "<group>";
		};
/* End PBXGroup section */

/* Begin PBXNativeTarget section */
		5873FB652A2D05A200E1E637 /* FinalProject */ = {
			isa = PBXNativeTarget;
			buildConfigurationList = 5873FB7A2A2D05A300E1E637 /* Build configuration list for PBXNativeTarget "FinalProject" */;
			buildPhases = (
				68303B3D42836E9FA71A3E8A /* [CP] Check Pods Manifest.lock */,
				5873FB622A2D05A200E1E637 /* Sources */,
				5873FB632A2D05A200E1E637 /* Frameworks */,
				5873FB642A2D05A200E1E637 /* Resources */,
				6B304ABA4BAF184AC7E86C01 /* [CP] Embed Pods Frameworks */,
			);
			buildRules = (
			);
			dependencies = (
			);
			name = FinalProject;
			productName = FinalProject;
			productReference = 5873FB662A2D05A200E1E637 /* FinalProject.app */;
			productType = "com.apple.product-type.application";
		};
/* End PBXNativeTarget section */

/* Begin PBXProject section */
		5873FB5E2A2D05A200E1E637 /* Project object */ = {
			isa = PBXProject;
			attributes = {
				BuildIndependentTargetsInParallel = 1;
				LastSwiftUpdateCheck = 1430;
				LastUpgradeCheck = 1430;
				TargetAttributes = {
					5873FB652A2D05A200E1E637 = {
						CreatedOnToolsVersion = 14.3;
					};
				};
			};
			buildConfigurationList = 5873FB612A2D05A200E1E637 /* Build configuration list for PBXProject "FinalProject" */;
			compatibilityVersion = "Xcode 14.0";
			developmentRegion = en;
			hasScannedForEncodings = 0;
			knownRegions = (
				en,
				Base,
			);
			mainGroup = 5873FB5D2A2D05A200E1E637;
			productRefGroup = 5873FB672A2D05A200E1E637 /* Products */;
			projectDirPath = "";
			projectRoot = "";
			targets = (
				5873FB652A2D05A200E1E637 /* FinalProject */,
			);
		};
/* End PBXProject section */

/* Begin PBXResourcesBuildPhase section */
		5873FB642A2D05A200E1E637 /* Resources */ = {
			isa = PBXResourcesBuildPhase;
			buildActionMask = 2147483647;
			files = (
				586B16FC2A3A02D2004BF51C /* movies_metadata4.csv in Resources */,
				58914E022A31E5E2007965F1 /* poster_sample.jpg in Resources */,
				58AC51BA2A34CE1200768E53 /* movies_metadata2.csv in Resources */,
				58914E002A31D2C1007965F1 /* movies_metadata.csv in Resources */,
				586B16FE2A3A0910004BF51C /* movies_metadata3.csv in Resources */,
				589B40AE2A381076006DB5E1 /* star_full.png in Resources */,
				589B40B02A381081006DB5E1 /* star_half.png in Resources */,
				5873FB762A2D05A300E1E637 /* LaunchScreen.storyboard in Resources */,
				589B40B22A381092006DB5E1 /* star_empty.png in Resources */,
				5873FB732A2D05A300E1E637 /* Assets.xcassets in Resources */,
				589B40BA2A384688006DB5E1 /* starData.csv in Resources */,
				5873FB712A2D05A200E1E637 /* Main.storyboard in Resources */,
			);
			runOnlyForDeploymentPostprocessing = 0;
		};
/* End PBXResourcesBuildPhase section */

/* Begin PBXShellScriptBuildPhase section */
		68303B3D42836E9FA71A3E8A /* [CP] Check Pods Manifest.lock */ = {
			isa = PBXShellScriptBuildPhase;
			buildActionMask = 2147483647;
			files = (
			);
			inputFileListPaths = (
			);
			inputPaths = (
				"${PODS_PODFILE_DIR_PATH}/Podfile.lock",
				"${PODS_ROOT}/Manifest.lock",
			);
			name = "[CP] Check Pods Manifest.lock";
			outputFileListPaths = (
			);
			outputPaths = (
				"$(DERIVED_FILE_DIR)/Pods-FinalProject-checkManifestLockResult.txt",
			);
			runOnlyForDeploymentPostprocessing = 0;
			shellPath = /bin/sh;
			shellScript = "diff \"${PODS_PODFILE_DIR_PATH}/Podfile.lock\" \"${PODS_ROOT}/Manifest.lock\" > /dev/null\nif [ $? != 0 ] ; then\n    # print error to STDERR\n    echo \"error: The sandbox is not in sync with the Podfile.lock. Run 'pod install' or update your CocoaPods installation.\" >&2\n    exit 1\nfi\n# This output is used by Xcode 'outputs' to avoid re-running this script phase.\necho \"SUCCESS\" > \"${SCRIPT_OUTPUT_FILE_0}\"\n";
			showEnvVarsInLog = 0;
		};
		6B304ABA4BAF184AC7E86C01 /* [CP] Embed Pods Frameworks */ = {
			isa = PBXShellScriptBuildPhase;
			buildActionMask = 2147483647;
			files = (
			);
			inputFileListPaths = (
				"${PODS_ROOT}/Target Support Files/Pods-FinalProject/Pods-FinalProject-frameworks-${CONFIGURATION}-input-files.xcfilelist",
			);
			name = "[CP] Embed Pods Frameworks";
			outputFileListPaths = (
				"${PODS_ROOT}/Target Support Files/Pods-FinalProject/Pods-FinalProject-frameworks-${CONFIGURATION}-output-files.xcfilelist",
			);
			runOnlyForDeploymentPostprocessing = 0;
			shellPath = /bin/sh;
			shellScript = "\"${PODS_ROOT}/Target Support Files/Pods-FinalProject/Pods-FinalProject-frameworks.sh\"\n";
			showEnvVarsInLog = 0;
		};
/* End PBXShellScriptBuildPhase section */

/* Begin PBXSourcesBuildPhase section */
		5873FB622A2D05A200E1E637 /* Sources */ = {
			isa = PBXSourcesBuildPhase;
			buildActionMask = 2147483647;
			files = (
				58AC51BE2A35020500768E53 /* SearchViewController.swift in Sources */,
				5873FB6E2A2D05A200E1E637 /* ViewController.swift in Sources */,
				58914DF82A31B67F007965F1 /* CSVTableViewCell.swift in Sources */,
				58AC51BC2A34D03700768E53 /* CSVTableViewController.swift in Sources */,
				5873FB6A2A2D05A200E1E637 /* AppDelegate.swift in Sources */,
				5873FB6C2A2D05A200E1E637 /* SceneDelegate.swift in Sources */,
				58AC51C92A350E5600768E53 /* SearchTableViewCell.swift in Sources */,
				589B40B82A3820CE006DB5E1 /* DetailViewController.swift in Sources */,
			);
			runOnlyForDeploymentPostprocessing = 0;
		};
/* End PBXSourcesBuildPhase section */

/* Begin PBXVariantGroup section */
		5873FB6F2A2D05A200E1E637 /* Main.storyboard */ = {
			isa = PBXVariantGroup;
			children = (
				5873FB702A2D05A200E1E637 /* Base */,
			);
			name = Main.storyboard;
			sourceTree = "<group>";
		};
		5873FB742A2D05A300E1E637 /* LaunchScreen.storyboard */ = {
			isa = PBXVariantGroup;
			children = (
				5873FB752A2D05A300E1E637 /* Base */,
			);
			name = LaunchScreen.storyboard;
			sourceTree = "<group>";
		};
/* End PBXVariantGroup section */

/* Begin XCBuildConfiguration section */
		5873FB782A2D05A300E1E637 /* Debug */ = {
			isa = XCBuildConfiguration;
			buildSettings = {
				ALWAYS_SEARCH_USER_PATHS = NO;
				CLANG_ANALYZER_NONNULL = YES;
				CLANG_ANALYZER_NUMBER_OBJECT_CONVERSION = YES_AGGRESSIVE;
				CLANG_CXX_LANGUAGE_STANDARD = "gnu++20";
				CLANG_ENABLE_MODULES = YES;
				CLANG_ENABLE_OBJC_ARC = YES;
				CLANG_ENABLE_OBJC_WEAK = YES;
				CLANG_WARN_BLOCK_CAPTURE_AUTORELEASING = YES;
				CLANG_WARN_BOOL_CONVERSION = YES;
				CLANG_WARN_COMMA = YES;
				CLANG_WARN_CONSTANT_CONVERSION = YES;
				CLANG_WARN_DEPRECATED_OBJC_IMPLEMENTATIONS = YES;
				CLANG_WARN_DIRECT_OBJC_ISA_USAGE = YES_ERROR;
				CLANG_WARN_DOCUMENTATION_COMMENTS = YES;
				CLANG_WARN_EMPTY_BODY = YES;
				CLANG_WARN_ENUM_CONVERSION = YES;
				CLANG_WARN_INFINITE_RECURSION = YES;
				CLANG_WARN_INT_CONVERSION = YES;
				CLANG_WARN_NON_LITERAL_NULL_CONVERSION = YES;
				CLANG_WARN_OBJC_IMPLICIT_RETAIN_SELF = YES;
				CLANG_WARN_OBJC_LITERAL_CONVERSION = YES;
				CLANG_WARN_OBJC_ROOT_CLASS = YES_ERROR;
				CLANG_WARN_QUOTED_INCLUDE_IN_FRAMEWORK_HEADER = YES;
				CLANG_WARN_RANGE_LOOP_ANALYSIS = YES;
				CLANG_WARN_STRICT_PROTOTYPES = YES;
				CLANG_WARN_SUSPICIOUS_MOVE = YES;
				CLANG_WARN_UNGUARDED_AVAILABILITY = YES_AGGRESSIVE;
				CLANG_WARN_UNREACHABLE_CODE = YES;
				CLANG_WARN__DUPLICATE_METHOD_MATCH = YES;
				COPY_PHASE_STRIP = NO;
				DEBUG_INFORMATION_FORMAT = dwarf;
				ENABLE_STRICT_OBJC_MSGSEND = YES;
				ENABLE_TESTABILITY = YES;
				GCC_C_LANGUAGE_STANDARD = gnu11;
				GCC_DYNAMIC_NO_PIC = NO;
				GCC_NO_COMMON_BLOCKS = YES;
				GCC_OPTIMIZATION_LEVEL = 0;
				GCC_PREPROCESSOR_DEFINITIONS = (
					"DEBUG=1",
					"$(inherited)",
				);
				GCC_WARN_64_TO_32_BIT_CONVERSION = YES;
				GCC_WARN_ABOUT_RETURN_TYPE = YES_ERROR;
				GCC_WARN_UNDECLARED_SELECTOR = YES;
				GCC_WARN_UNINITIALIZED_AUTOS = YES_AGGRESSIVE;
				GCC_WARN_UNUSED_FUNCTION = YES;
				GCC_WARN_UNUSED_VARIABLE = YES;
				IPHONEOS_DEPLOYMENT_TARGET = 16.4;
				MTL_ENABLE_DEBUG_INFO = INCLUDE_SOURCE;
				MTL_FAST_MATH = YES;
				ONLY_ACTIVE_ARCH = YES;
				SDKROOT = iphoneos;
				SWIFT_ACTIVE_COMPILATION_CONDITIONS = DEBUG;
				SWIFT_OPTIMIZATION_LEVEL = "-Onone";
			};
			name = Debug;
		};
		5873FB792A2D05A300E1E637 /* Release */ = {
			isa = XCBuildConfiguration;
			buildSettings = {
				ALWAYS_SEARCH_USER_PATHS = NO;
				CLANG_ANALYZER_NONNULL = YES;
				CLANG_ANALYZER_NUMBER_OBJECT_CONVERSION = YES_AGGRESSIVE;
				CLANG_CXX_LANGUAGE_STANDARD = "gnu++20";
				CLANG_ENABLE_MODULES = YES;
				CLANG_ENABLE_OBJC_ARC = YES;
				CLANG_ENABLE_OBJC_WEAK = YES;
				CLANG_WARN_BLOCK_CAPTURE_AUTORELEASING = YES;
				CLANG_WARN_BOOL_CONVERSION = YES;
				CLANG_WARN_COMMA = YES;
				CLANG_WARN_CONSTANT_CONVERSION = YES;
				CLANG_WARN_DEPRECATED_OBJC_IMPLEMENTATIONS = YES;
				CLANG_WARN_DIRECT_OBJC_ISA_USAGE = YES_ERROR;
				CLANG_WARN_DOCUMENTATION_COMMENTS = YES;
				CLANG_WARN_EMPTY_BODY = YES;
				CLANG_WARN_ENUM_CONVERSION = YES;
				CLANG_WARN_INFINITE_RECURSION = YES;
				CLANG_WARN_INT_CONVERSION = YES;
				CLANG_WARN_NON_LITERAL_NULL_CONVERSION = YES;
				CLANG_WARN_OBJC_IMPLICIT_RETAIN_SELF = YES;
				CLANG_WARN_OBJC_LITERAL_CONVERSION = YES;
				CLANG_WARN_OBJC_ROOT_CLASS = YES_ERROR;
				CLANG_WARN_QUOTED_INCLUDE_IN_FRAMEWORK_HEADER = YES;
				CLANG_WARN_RANGE_LOOP_ANALYSIS = YES;
				CLANG_WARN_STRICT_PROTOTYPES = YES;
				CLANG_WARN_SUSPICIOUS_MOVE = YES;
				CLANG_WARN_UNGUARDED_AVAILABILITY = YES_AGGRESSIVE;
				CLANG_WARN_UNREACHABLE_CODE = YES;
				CLANG_WARN__DUPLICATE_METHOD_MATCH = YES;
				COPY_PHASE_STRIP = NO;
				DEBUG_INFORMATION_FORMAT = "dwarf-with-dsym";
				ENABLE_NS_ASSERTIONS = NO;
				ENABLE_STRICT_OBJC_MSGSEND = YES;
				GCC_C_LANGUAGE_STANDARD = gnu11;
				GCC_NO_COMMON_BLOCKS = YES;
				GCC_WARN_64_TO_32_BIT_CONVERSION = YES;
				GCC_WARN_ABOUT_RETURN_TYPE = YES_ERROR;
				GCC_WARN_UNDECLARED_SELECTOR = YES;
				GCC_WARN_UNINITIALIZED_AUTOS = YES_AGGRESSIVE;
				GCC_WARN_UNUSED_FUNCTION = YES;
				GCC_WARN_UNUSED_VARIABLE = YES;
				IPHONEOS_DEPLOYMENT_TARGET = 16.4;
				MTL_ENABLE_DEBUG_INFO = NO;
				MTL_FAST_MATH = YES;
				SDKROOT = iphoneos;
				SWIFT_COMPILATION_MODE = wholemodule;
				SWIFT_OPTIMIZATION_LEVEL = "-O";
				VALIDATE_PRODUCT = YES;
			};
			name = Release;
		};
		5873FB7B2A2D05A300E1E637 /* Debug */ = {
			isa = XCBuildConfiguration;
			baseConfigurationReference = 8F9B106952CFAEE91615AA94 /* Pods-FinalProject.debug.xcconfig */;
			buildSettings = {
				ASSETCATALOG_COMPILER_APPICON_NAME = AppIcon;
				ASSETCATALOG_COMPILER_GLOBAL_ACCENT_COLOR_NAME = AccentColor;
				CODE_SIGN_STYLE = Automatic;
				CURRENT_PROJECT_VERSION = 1;
				GENERATE_INFOPLIST_FILE = YES;
				INFOPLIST_FILE = FinalProject/Info.plist;
				INFOPLIST_KEY_UIApplicationSupportsIndirectInputEvents = YES;
				INFOPLIST_KEY_UILaunchStoryboardName = LaunchScreen;
				INFOPLIST_KEY_UIMainStoryboardFile = Main;
				INFOPLIST_KEY_UISupportedInterfaceOrientations_iPad = "UIInterfaceOrientationPortrait UIInterfaceOrientationPortraitUpsideDown UIInterfaceOrientationLandscapeLeft UIInterfaceOrientationLandscapeRight";
				INFOPLIST_KEY_UISupportedInterfaceOrientations_iPhone = "UIInterfaceOrientationPortrait UIInterfaceOrientationLandscapeLeft UIInterfaceOrientationLandscapeRight";
				LD_RUNPATH_SEARCH_PATHS = (
					"$(inherited)",
					"@executable_path/Frameworks",
				);
				MARKETING_VERSION = 1.0;
				PRODUCT_BUNDLE_IDENTIFIER = "-023-1-iOS.FinalProject";
				PRODUCT_NAME = "$(TARGET_NAME)";
				SWIFT_EMIT_LOC_STRINGS = YES;
				SWIFT_VERSION = 5.0;
				TARGETED_DEVICE_FAMILY = "1,2";
			};
			name = Debug;
		};
		5873FB7C2A2D05A300E1E637 /* Release */ = {
			isa = XCBuildConfiguration;
			baseConfigurationReference = 687336E1412F8786B3F87AE0 /* Pods-FinalProject.release.xcconfig */;
			buildSettings = {
				ASSETCATALOG_COMPILER_APPICON_NAME = AppIcon;
				ASSETCATALOG_COMPILER_GLOBAL_ACCENT_COLOR_NAME = AccentColor;
				CODE_SIGN_STYLE = Automatic;
				CURRENT_PROJECT_VERSION = 1;
				GENERATE_INFOPLIST_FILE = YES;
				INFOPLIST_FILE = FinalProject/Info.plist;
				INFOPLIST_KEY_UIApplicationSupportsIndirectInputEvents = YES;
				INFOPLIST_KEY_UILaunchStoryboardName = LaunchScreen;
				INFOPLIST_KEY_UIMainStoryboardFile = Main;
				INFOPLIST_KEY_UISupportedInterfaceOrientations_iPad = "UIInterfaceOrientationPortrait UIInterfaceOrientationPortraitUpsideDown UIInterfaceOrientationLandscapeLeft UIInterfaceOrientationLandscapeRight";
				INFOPLIST_KEY_UISupportedInterfaceOrientations_iPhone = "UIInterfaceOrientationPortrait UIInterfaceOrientationLandscapeLeft UIInterfaceOrientationLandscapeRight";
				LD_RUNPATH_SEARCH_PATHS = (
					"$(inherited)",
					"@executable_path/Frameworks",
				);
				MARKETING_VERSION = 1.0;
				PRODUCT_BUNDLE_IDENTIFIER = "-023-1-iOS.FinalProject";
				PRODUCT_NAME = "$(TARGET_NAME)";
				SWIFT_EMIT_LOC_STRINGS = YES;
				SWIFT_VERSION = 5.0;
				TARGETED_DEVICE_FAMILY = "1,2";
			};
			name = Release;
		};
/* End XCBuildConfiguration section */

/* Begin XCConfigurationList section */
		5873FB612A2D05A200E1E637 /* Build configuration list for PBXProject "FinalProject" */ = {
			isa = XCConfigurationList;
			buildConfigurations = (
				5873FB782A2D05A300E1E637 /* Debug */,
				5873FB792A2D05A300E1E637 /* Release */,
			);
			defaultConfigurationIsVisible = 0;
			defaultConfigurationName = Release;
		};
		5873FB7A2A2D05A300E1E637 /* Build configuration list for PBXNativeTarget "FinalProject" */ = {
			isa = XCConfigurationList;
			buildConfigurations = (
				5873FB7B2A2D05A300E1E637 /* Debug */,
				5873FB7C2A2D05A300E1E637 /* Release */,
			);
			defaultConfigurationIsVisible = 0;
			defaultConfigurationName = Release;
		};
/* End XCConfigurationList section */
	};
	rootObject = 5873FB5E2A2D05A200E1E637 /* Project object */;
}
